
Microsoft Visual Studio Solution File, Format Version 12.00
# Visual Studio 15
VisualStudioVersion = 15.0.28307.572
MinimumVisualStudioVersion = 10.0.40219.1
Project("{9A19103F-16F7-4668-BE54-9A1E7A4F7556}") = "WebApplication1", "WebApplication1\WebApplication1.csproj", "{E5CDF723-9A70-48B9-A7E9-8D3ECFD1D1BA}"
EndProject
Global
	GlobalSection(SolutionConfigurationPlatforms) = preSolution
		Debug|Any CPU = Debug|Any CPU
		Release|Any CPU = Release|Any CPU
	EndGlobalSection
	GlobalSection(ProjectConfigurationPlatforms) = postSolution
		{E5CDF723-9A70-48B9-A7E9-8D3ECFD1D1BA}.Debug|Any CPU.ActiveCfg = Debug|Any CPU
		{E5CDF723-9A70-48B9-A7E9-8D3ECFD1D1BA}.Debug|Any CPU.Build.0 = Debug|Any CPU
		{E5CDF723-9A70-48B9-A7E9-8D3ECFD1D1BA}.Release|Any CPU.ActiveCfg = Release|Any CPU
		{E5CDF723-9A70-48B9-A7E9-8D3ECFD1D1BA}.Release|Any CPU.Build.0 = Release|Any CPU
	EndGlobalSection
	GlobalSection(SolutionProperties) = preSolution
		HideSolutionNode = FALSE
	EndGlobalSection
	GlobalSection(ExtensibilityGlobals) = postSolution
		SolutionGuid = {FD221F3A-1D61-40E8-AEA3-5E807605BB20}
	EndGlobalSection
EndGlobal
